
Microsoft Visual Studio Solution File, Format Version 11.00
# Visual C# Express 2010
Project("{FAE04EC0-301F-11D3-BF4B-00C04F79EFBC}") = "MyMovies.Core", "MyMovies.Core\MyMovies.Core.csproj", "{373B43A4-082F-4015-A7E2-6138E56F6DED}"
EndProject
Project("{FAE04EC0-301F-11D3-BF4B-00C04F79EFBC}") = "MyMovies.Console", "MyMovies.Console\MyMovies.Console.csproj", "{3E20CB69-B1E6-478B-A17B-9612FB1744DD}"
EndProject
Project("{FAE04EC0-301F-11D3-BF4B-00C04F79EFBC}") = "MyMovies.Core.Test", "MyMovies.Core.Test\MyMovies.Core.Test.csproj", "{CC40763B-52BC-43F4-8FB4-0FF50BE4BBA9}"
EndProject
Project("{FAE04EC0-301F-11D3-BF4B-00C04F79EFBC}") = "MyMovies.UI", "MyMovies.UI\MyMovies.UI.csproj", "{E0E2004E-3A16-4784-BCE1-FC43A6D056FB}"
EndProject
Project("{FAE04EC0-301F-11D3-BF4B-00C04F79EFBC}") = "Monstro.Util", "Monstro.Util\Monstro.Util.csproj", "{CEBF6F19-C091-42BB-8212-C87BA84B7CAD}"
EndProject
Global
	GlobalSection(SolutionConfigurationPlatforms) = preSolution
		Debug|Any CPU = Debug|Any CPU
		Release|Any CPU = Release|Any CPU
	EndGlobalSection
	GlobalSection(ProjectConfigurationPlatforms) = postSolution
		{373B43A4-082F-4015-A7E2-6138E56F6DED}.Debug|Any CPU.ActiveCfg = Debug|Any CPU
		{373B43A4-082F-4015-A7E2-6138E56F6DED}.Debug|Any CPU.Build.0 = Debug|Any CPU
		{373B43A4-082F-4015-A7E2-6138E56F6DED}.Release|Any CPU.ActiveCfg = Release|Any CPU
		{373B43A4-082F-4015-A7E2-6138E56F6DED}.Release|Any CPU.Build.0 = Release|Any CPU
		{3E20CB69-B1E6-478B-A17B-9612FB1744DD}.Debug|Any CPU.ActiveCfg = Debug|Any CPU
		{3E20CB69-B1E6-478B-A17B-9612FB1744DD}.Debug|Any CPU.Build.0 = Debug|Any CPU
		{3E20CB69-B1E6-478B-A17B-9612FB1744DD}.Release|Any CPU.ActiveCfg = Release|Any CPU
		{3E20CB69-B1E6-478B-A17B-9612FB1744DD}.Release|Any CPU.Build.0 = Release|Any CPU
		{CC40763B-52BC-43F4-8FB4-0FF50BE4BBA9}.Debug|Any CPU.ActiveCfg = Debug|Any CPU
		{CC40763B-52BC-43F4-8FB4-0FF50BE4BBA9}.Debug|Any CPU.Build.0 = Debug|Any CPU
		{CC40763B-52BC-43F4-8FB4-0FF50BE4BBA9}.Release|Any CPU.ActiveCfg = Release|Any CPU
		{CC40763B-52BC-43F4-8FB4-0FF50BE4BBA9}.Release|Any CPU.Build.0 = Release|Any CPU
		{E0E2004E-3A16-4784-BCE1-FC43A6D056FB}.Debug|Any CPU.ActiveCfg = Debug|Any CPU
		{E0E2004E-3A16-4784-BCE1-FC43A6D056FB}.Debug|Any CPU.Build.0 = Debug|Any CPU
		{E0E2004E-3A16-4784-BCE1-FC43A6D056FB}.Release|Any CPU.ActiveCfg = Release|Any CPU
		{E0E2004E-3A16-4784-BCE1-FC43A6D056FB}.Release|Any CPU.Build.0 = Release|Any CPU
		{CEBF6F19-C091-42BB-8212-C87BA84B7CAD}.Debug|Any CPU.ActiveCfg = Debug|Any CPU
		{CEBF6F19-C091-42BB-8212-C87BA84B7CAD}.Debug|Any CPU.Build.0 = Debug|Any CPU
		{CEBF6F19-C091-42BB-8212-C87BA84B7CAD}.Release|Any CPU.ActiveCfg = Release|Any CPU
		{CEBF6F19-C091-42BB-8212-C87BA84B7CAD}.Release|Any CPU.Build.0 = Release|Any CPU
	EndGlobalSection
	GlobalSection(SolutionProperties) = preSolution
		HideSolutionNode = FALSE
	EndGlobalSection
EndGlobal
